
Microsoft Visual Studio Solution File, Format Version 12.00
# Visual Studio 15
VisualStudioVersion = 15.0.26730.3
MinimumVisualStudioVersion = 10.0.40219.1
Project("{FAE04EC0-301F-11D3-BF4B-00C04F79EFBC}") = "Madlib", "Madlib\Madlib.csproj", "{70098647-74D1-4F9B-A67E-E078DFAE591C}"
EndProject
Global
	GlobalSection(SolutionConfigurationPlatforms) = preSolution
		Debug|Any CPU = Debug|Any CPU
		Release|Any CPU = Release|Any CPU
	EndGlobalSection
	GlobalSection(ProjectConfigurationPlatforms) = postSolution
		{70098647-74D1-4F9B-A67E-E078DFAE591C}.Debug|Any CPU.ActiveCfg = Debug|Any CPU
		{70098647-74D1-4F9B-A67E-E078DFAE591C}.Debug|Any CPU.Build.0 = Debug|Any CPU
		{70098647-74D1-4F9B-A67E-E078DFAE591C}.Release|Any CPU.ActiveCfg = Release|Any CPU
		{70098647-74D1-4F9B-A67E-E078DFAE591C}.Release|Any CPU.Build.0 = Release|Any CPU
	EndGlobalSection
	GlobalSection(SolutionProperties) = preSolution
		HideSolutionNode = FALSE
	EndGlobalSection
	GlobalSection(ExtensibilityGlobals) = postSolution
		SolutionGuid = {320D7FE8-10B5-4159-89E3-88379CE9EC40}
	EndGlobalSection
EndGlobal
